// !$*UTF8*$!
{
	archiveVersion = 1;
	classes = {
	};
	objectVersion = 56;
	objects = {

/* Begin PBXBuildFile section */
		E5C3A4EF2C43FFD3005D3CEC /* IOS_News_AppApp.swift in Sources */ = {isa = PBXBuildFile; fileRef = E5C3A4EE2C43FFD3005D3CEC /* IOS_News_AppApp.swift */; };
		E5C3A4F12C43FFD3005D3CEC /* Splash.swift in Sources */ = {isa = PBXBuildFile; fileRef = E5C3A4F02C43FFD3005D3CEC /* Splash.swift */; };
		E5C3A4F32C43FFD5005D3CEC /* Assets.xcassets in Resources */ = {isa = PBXBuildFile; fileRef = E5C3A4F22C43FFD5005D3CEC /* Assets.xcassets */; };
		E5C3A4F62C43FFD5005D3CEC /* Preview Assets.xcassets in Resources */ = {isa = PBXBuildFile; fileRef = E5C3A4F52C43FFD5005D3CEC /* Preview Assets.xcassets */; };
		E5C3A51A2C44029C005D3CEC /* NewsModel.swift in Sources */ = {isa = PBXBuildFile; fileRef = E5C3A5192C44029C005D3CEC /* NewsModel.swift */; };
		E5C3A5232C45A132005D3CEC /* Home.swift in Sources */ = {isa = PBXBuildFile; fileRef = E5C3A5222C45A132005D3CEC /* Home.swift */; };
		E5C3A5262C45A3B0005D3CEC /* NewsView.swift in Sources */ = {isa = PBXBuildFile; fileRef = E5C3A5252C45A3B0005D3CEC /* NewsView.swift */; };
		E5C3A5292C45A40A005D3CEC /* BookMarkView.swift in Sources */ = {isa = PBXBuildFile; fileRef = E5C3A5282C45A40A005D3CEC /* BookMarkView.swift */; };
		E5C3A52C2C46E6C1005D3CEC /* NewsCard.swift in Sources */ = {isa = PBXBuildFile; fileRef = E5C3A52B2C46E6C1005D3CEC /* NewsCard.swift */; };
		E5C3A52F2C46F264005D3CEC /* helper.swift in Sources */ = {isa = PBXBuildFile; fileRef = E5C3A52E2C46F264005D3CEC /* helper.swift */; };
		E5C3A5362C483F59005D3CEC /* TopList.swift in Sources */ = {isa = PBXBuildFile; fileRef = E5C3A5352C483F59005D3CEC /* TopList.swift */; };
		E5C3A5392C49982A005D3CEC /* SearchBar.swift in Sources */ = {isa = PBXBuildFile; fileRef = E5C3A5382C49982A005D3CEC /* SearchBar.swift */; };
		E5C3A53C2C499C09005D3CEC /* SearchViewModel.swift in Sources */ = {isa = PBXBuildFile; fileRef = E5C3A53B2C499C09005D3CEC /* SearchViewModel.swift */; };
/* End PBXBuildFile section */

/* Begin PBXContainerItemProxy section */
		E5C3A4FC2C43FFD5005D3CEC /* PBXContainerItemProxy */ = {
			isa = PBXContainerItemProxy;
			containerPortal = E5C3A4E32C43FFD3005D3CEC /* Project object */;
			proxyType = 1;
			remoteGlobalIDString = E5C3A4EA2C43FFD3005D3CEC;
			remoteInfo = "IOS-News-App";
		};
		E5C3A5062C43FFD5005D3CEC /* PBXContainerItemProxy */ = {
			isa = PBXContainerItemProxy;
			containerPortal = E5C3A4E32C43FFD3005D3CEC /* Project object */;
			proxyType = 1;
			remoteGlobalIDString = E5C3A4EA2C43FFD3005D3CEC;
			remoteInfo = "IOS-News-App";
		};
/* End PBXContainerItemProxy section */

/* Begin PBXFileReference section */
		E5C3A4EB2C43FFD3005D3CEC /* IOS-News-App.app */ = {isa = PBXFileReference; explicitFileType = wrapper.application; includeInIndex = 0; path = "IOS-News-App.app"; sourceTree = BUILT_PRODUCTS_DIR; };
		E5C3A4EE2C43FFD3005D3CEC /* IOS_News_AppApp.swift */ = {isa = PBXFileReference; lastKnownFileType = sourcecode.swift; path = IOS_News_AppApp.swift; sourceTree = "<group>"; };
		E5C3A4F02C43FFD3005D3CEC /* Splash.swift */ = {isa = PBXFileReference; lastKnownFileType = sourcecode.swift; path = Splash.swift; sourceTree = "<group>"; };
		E5C3A4F22C43FFD5005D3CEC /* Assets.xcassets */ = {isa = PBXFileReference; lastKnownFileType = folder.assetcatalog; path = Assets.xcassets; sourceTree = "<group>"; };
		E5C3A4F52C43FFD5005D3CEC /* Preview Assets.xcassets */ = {isa = PBXFileReference; lastKnownFileType = folder.assetcatalog; path = "Preview Assets.xcassets"; sourceTree = "<group>"; };
		E5C3A4FB2C43FFD5005D3CEC /* IOS-News-AppTests.xctest */ = {isa = PBXFileReference; explicitFileType = wrapper.cfbundle; includeInIndex = 0; path = "IOS-News-AppTests.xctest"; sourceTree = BUILT_PRODUCTS_DIR; };
		E5C3A5052C43FFD5005D3CEC /* IOS-News-AppUITests.xctest */ = {isa = PBXFileReference; explicitFileType = wrapper.cfbundle; includeInIndex = 0; path = "IOS-News-AppUITests.xctest"; sourceTree = BUILT_PRODUCTS_DIR; };
		E5C3A5192C44029C005D3CEC /* NewsModel.swift */ = {isa = PBXFileReference; lastKnownFileType = sourcecode.swift; path = NewsModel.swift; sourceTree = "<group>"; };
		E5C3A5222C45A132005D3CEC /* Home.swift */ = {isa = PBXFileReference; lastKnownFileType = sourcecode.swift; path = Home.swift; sourceTree = "<group>"; };
		E5C3A5252C45A3B0005D3CEC /* NewsView.swift */ = {isa = PBXFileReference; lastKnownFileType = sourcecode.swift; path = NewsView.swift; sourceTree = "<group>"; };
		E5C3A5282C45A40A005D3CEC /* BookMarkView.swift */ = {isa = PBXFileReference; lastKnownFileType = sourcecode.swift; path = BookMarkView.swift; sourceTree = "<group>"; };
		E5C3A52B2C46E6C1005D3CEC /* NewsCard.swift */ = {isa = PBXFileReference; lastKnownFileType = sourcecode.swift; path = NewsCard.swift; sourceTree = "<group>"; };
		E5C3A52E2C46F264005D3CEC /* helper.swift */ = {isa = PBXFileReference; lastKnownFileType = sourcecode.swift; path = helper.swift; sourceTree = "<group>"; };
		E5C3A5352C483F59005D3CEC /* TopList.swift */ = {isa = PBXFileReference; lastKnownFileType = sourcecode.swift; path = TopList.swift; sourceTree = "<group>"; };
		E5C3A5382C49982A005D3CEC /* SearchBar.swift */ = {isa = PBXFileReference; lastKnownFileType = sourcecode.swift; path = SearchBar.swift; sourceTree = "<group>"; };
		E5C3A53B2C499C09005D3CEC /* SearchViewModel.swift */ = {isa = PBXFileReference; lastKnownFileType = sourcecode.swift; path = SearchViewModel.swift; sourceTree = "<group>"; };
/* End PBXFileReference section */

/* Begin PBXFrameworksBuildPhase section */
		E5C3A4E82C43FFD3005D3CEC /* Frameworks */ = {
			isa = PBXFrameworksBuildPhase;
			buildActionMask = 2147483647;
			files = (
			);
			runOnlyForDeploymentPostprocessing = 0;
		};
		E5C3A4F82C43FFD5005D3CEC /* Frameworks */ = {
			isa = PBXFrameworksBuildPhase;
			buildActionMask = 2147483647;
			files = (
			);
			runOnlyForDeploymentPostprocessing = 0;
		};
		E5C3A5022C43FFD5005D3CEC /* Frameworks */ = {
			isa = PBXFrameworksBuildPhase;
			buildActionMask = 2147483647;
			files = (
			);
			runOnlyForDeploymentPostprocessing = 0;
		};
/* End PBXFrameworksBuildPhase section */

/* Begin PBXGroup section */
		E5C3A4E22C43FFD3005D3CEC = {
			isa = PBXGroup;
			children = (
				E5C3A4ED2C43FFD3005D3CEC /* IOS-News-App */,
				E5C3A4EC2C43FFD3005D3CEC /* Products */,
			);
			sourceTree = "<group>";
		};
		E5C3A4EC2C43FFD3005D3CEC /* Products */ = {
			isa = PBXGroup;
			children = (
				E5C3A4EB2C43FFD3005D3CEC /* IOS-News-App.app */,
				E5C3A4FB2C43FFD5005D3CEC /* IOS-News-AppTests.xctest */,
				E5C3A5052C43FFD5005D3CEC /* IOS-News-AppUITests.xctest */,
			);
			name = Products;
			sourceTree = "<group>";
		};
		E5C3A4ED2C43FFD3005D3CEC /* IOS-News-App */ = {
			isa = PBXGroup;
			children = (
				E5C3A52D2C46F231005D3CEC /* utils */,
				E5C3A51F2C4409CE005D3CEC /* ViewModel */,
				E5C3A51E2C4409AC005D3CEC /* Shared */,
				E5C3A51D2C4409A0005D3CEC /* Services */,
				E5C3A51C2C44094E005D3CEC /* View */,
				E5C3A5182C440289005D3CEC /* Model */,
				E5C3A4EE2C43FFD3005D3CEC /* IOS_News_AppApp.swift */,
				E5C3A4F22C43FFD5005D3CEC /* Assets.xcassets */,
				E5C3A4F42C43FFD5005D3CEC /* Preview Content */,
			);
			path = "IOS-News-App";
			sourceTree = "<group>";
		};
		E5C3A4F42C43FFD5005D3CEC /* Preview Content */ = {
			isa = PBXGroup;
			children = (
				E5C3A4F52C43FFD5005D3CEC /* Preview Assets.xcassets */,
			);
			path = "Preview Content";
			sourceTree = "<group>";
		};
		E5C3A5182C440289005D3CEC /* Model */ = {
			isa = PBXGroup;
			children = (
				E5C3A5192C44029C005D3CEC /* NewsModel.swift */,
			);
			name = Model;
			sourceTree = "<group>";
		};
		E5C3A51C2C44094E005D3CEC /* View */ = {
			isa = PBXGroup;
			children = (
				E5C3A5272C45A3C0005D3CEC /* BookMarkScreen */,
				E5C3A5242C45A3A0005D3CEC /* NewsScreen */,
				E5C3A5212C45A122005D3CEC /* HomeScreen */,
				E5C3A5202C459920005D3CEC /* SplashScreen */,
			);
			path = View;
			sourceTree = "<group>";
		};
		E5C3A51D2C4409A0005D3CEC /* Services */ = {
			isa = PBXGroup;
			children = (
			);
			path = Services;
			sourceTree = "<group>";
		};
		E5C3A51E2C4409AC005D3CEC /* Shared */ = {
			isa = PBXGroup;
			children = (
				E5C3A5372C499804005D3CEC /* Search */,
				E5C3A5312C483F30005D3CEC /* TopList */,
				E5C3A5302C483F03005D3CEC /* NewsCard */,
			);
			path = Shared;
			sourceTree = "<group>";
		};
		E5C3A51F2C4409CE005D3CEC /* ViewModel */ = {
			isa = PBXGroup;
			children = (
				E5C3A53A2C499BB5005D3CEC /* SearchViewModel */,
			);
			path = ViewModel;
			sourceTree = "<group>";
		};
		E5C3A5202C459920005D3CEC /* SplashScreen */ = {
			isa = PBXGroup;
			children = (
				E5C3A4F02C43FFD3005D3CEC /* Splash.swift */,
			);
			path = SplashScreen;
			sourceTree = "<group>";
		};
		E5C3A5212C45A122005D3CEC /* HomeScreen */ = {
			isa = PBXGroup;
			children = (
				E5C3A5222C45A132005D3CEC /* Home.swift */,
			);
			path = HomeScreen;
			sourceTree = "<group>";
		};
		E5C3A5242C45A3A0005D3CEC /* NewsScreen */ = {
			isa = PBXGroup;
			children = (
				E5C3A5252C45A3B0005D3CEC /* NewsView.swift */,
			);
			path = NewsScreen;
			sourceTree = "<group>";
		};
		E5C3A5272C45A3C0005D3CEC /* BookMarkScreen */ = {
			isa = PBXGroup;
			children = (
				E5C3A5282C45A40A005D3CEC /* BookMarkView.swift */,
			);
			path = BookMarkScreen;
			sourceTree = "<group>";
		};
		E5C3A52D2C46F231005D3CEC /* utils */ = {
			isa = PBXGroup;
			children = (
				E5C3A52E2C46F264005D3CEC /* helper.swift */,
			);
			path = utils;
			sourceTree = "<group>";
		};
		E5C3A5302C483F03005D3CEC /* NewsCard */ = {
			isa = PBXGroup;
			children = (
				E5C3A52B2C46E6C1005D3CEC /* NewsCard.swift */,
			);
			path = NewsCard;
			sourceTree = "<group>";
		};
		E5C3A5312C483F30005D3CEC /* TopList */ = {
			isa = PBXGroup;
			children = (
				E5C3A5352C483F59005D3CEC /* TopList.swift */,
			);
			path = TopList;
			sourceTree = "<group>";
		};
		E5C3A5372C499804005D3CEC /* Search */ = {
			isa = PBXGroup;
			children = (
				E5C3A5382C49982A005D3CEC /* SearchBar.swift */,
			);
			path = Search;
			sourceTree = "<group>";
		};
		E5C3A53A2C499BB5005D3CEC /* SearchViewModel */ = {
			isa = PBXGroup;
			children = (
				E5C3A53B2C499C09005D3CEC /* SearchViewModel.swift */,
			);
			path = SearchViewModel;
			sourceTree = "<group>";
		};
/* End PBXGroup section */

/* Begin PBXNativeTarget section */
		E5C3A4EA2C43FFD3005D3CEC /* IOS-News-App */ = {
			isa = PBXNativeTarget;
			buildConfigurationList = E5C3A50F2C43FFD5005D3CEC /* Build configuration list for PBXNativeTarget "IOS-News-App" */;
			buildPhases = (
				E5C3A4E72C43FFD3005D3CEC /* Sources */,
				E5C3A4E82C43FFD3005D3CEC /* Frameworks */,
				E5C3A4E92C43FFD3005D3CEC /* Resources */,
			);
			buildRules = (
			);
			dependencies = (
			);
			name = "IOS-News-App";
			productName = "IOS-News-App";
			productReference = E5C3A4EB2C43FFD3005D3CEC /* IOS-News-App.app */;
			productType = "com.apple.product-type.application";
		};
		E5C3A4FA2C43FFD5005D3CEC /* IOS-News-AppTests */ = {
			isa = PBXNativeTarget;
			buildConfigurationList = E5C3A5122C43FFD5005D3CEC /* Build configuration list for PBXNativeTarget "IOS-News-AppTests" */;
			buildPhases = (
				E5C3A4F72C43FFD5005D3CEC /* Sources */,
				E5C3A4F82C43FFD5005D3CEC /* Frameworks */,
				E5C3A4F92C43FFD5005D3CEC /* Resources */,
			);
			buildRules = (
			);
			dependencies = (
				E5C3A4FD2C43FFD5005D3CEC /* PBXTargetDependency */,
			);
			name = "IOS-News-AppTests";
			productName = "IOS-News-AppTests";
			productReference = E5C3A4FB2C43FFD5005D3CEC /* IOS-News-AppTests.xctest */;
			productType = "com.apple.product-type.bundle.unit-test";
		};
		E5C3A5042C43FFD5005D3CEC /* IOS-News-AppUITests */ = {
			isa = PBXNativeTarget;
			buildConfigurationList = E5C3A5152C43FFD5005D3CEC /* Build configuration list for PBXNativeTarget "IOS-News-AppUITests" */;
			buildPhases = (
				E5C3A5012C43FFD5005D3CEC /* Sources */,
				E5C3A5022C43FFD5005D3CEC /* Frameworks */,
				E5C3A5032C43FFD5005D3CEC /* Resources */,
			);
			buildRules = (
			);
			dependencies = (
				E5C3A5072C43FFD5005D3CEC /* PBXTargetDependency */,
			);
			name = "IOS-News-AppUITests";
			productName = "IOS-News-AppUITests";
			productReference = E5C3A5052C43FFD5005D3CEC /* IOS-News-AppUITests.xctest */;
			productType = "com.apple.product-type.bundle.ui-testing";
		};
/* End PBXNativeTarget section */

/* Begin PBXProject section */
		E5C3A4E32C43FFD3005D3CEC /* Project object */ = {
			isa = PBXProject;
			attributes = {
				BuildIndependentTargetsInParallel = 1;
				LastSwiftUpdateCheck = 1540;
				LastUpgradeCheck = 1540;
				TargetAttributes = {
					E5C3A4EA2C43FFD3005D3CEC = {
						CreatedOnToolsVersion = 15.4;
					};
					E5C3A4FA2C43FFD5005D3CEC = {
						CreatedOnToolsVersion = 15.4;
						TestTargetID = E5C3A4EA2C43FFD3005D3CEC;
					};
					E5C3A5042C43FFD5005D3CEC = {
						CreatedOnToolsVersion = 15.4;
						TestTargetID = E5C3A4EA2C43FFD3005D3CEC;
					};
				};
			};
			buildConfigurationList = E5C3A4E62C43FFD3005D3CEC /* Build configuration list for PBXProject "IOS-News-App" */;
			compatibilityVersion = "Xcode 14.0";
			developmentRegion = en;
			hasScannedForEncodings = 0;
			knownRegions = (
				en,
				Base,
			);
			mainGroup = E5C3A4E22C43FFD3005D3CEC;
			productRefGroup = E5C3A4EC2C43FFD3005D3CEC /* Products */;
			projectDirPath = "";
			projectRoot = "";
			targets = (
				E5C3A4EA2C43FFD3005D3CEC /* IOS-News-App */,
				E5C3A4FA2C43FFD5005D3CEC /* IOS-News-AppTests */,
				E5C3A5042C43FFD5005D3CEC /* IOS-News-AppUITests */,
			);
		};
/* End PBXProject section */

/* Begin PBXResourcesBuildPhase section */
		E5C3A4E92C43FFD3005D3CEC /* Resources */ = {
			isa = PBXResourcesBuildPhase;
			buildActionMask = 2147483647;
			files = (
				E5C3A4F62C43FFD5005D3CEC /* Preview Assets.xcassets in Resources */,
				E5C3A4F32C43FFD5005D3CEC /* Assets.xcassets in Resources */,
			);
			runOnlyForDeploymentPostprocessing = 0;
		};
		E5C3A4F92C43FFD5005D3CEC /* Resources */ = {
			isa = PBXResourcesBuildPhase;
			buildActionMask = 2147483647;
			files = (
			);
			runOnlyForDeploymentPostprocessing = 0;
		};
		E5C3A5032C43FFD5005D3CEC /* Resources */ = {
			isa = PBXResourcesBuildPhase;
			buildActionMask = 2147483647;
			files = (
			);
			runOnlyForDeploymentPostprocessing = 0;
		};
/* End PBXResourcesBuildPhase section */

/* Begin PBXSourcesBuildPhase section */
		E5C3A4E72C43FFD3005D3CEC /* Sources */ = {
			isa = PBXSourcesBuildPhase;
			buildActionMask = 2147483647;
			files = (
				E5C3A53C2C499C09005D3CEC /* SearchViewModel.swift in Sources */,
				E5C3A51A2C44029C005D3CEC /* NewsModel.swift in Sources */,
				E5C3A4F12C43FFD3005D3CEC /* Splash.swift in Sources */,
				E5C3A5232C45A132005D3CEC /* Home.swift in Sources */,
				E5C3A5262C45A3B0005D3CEC /* NewsView.swift in Sources */,
				E5C3A52C2C46E6C1005D3CEC /* NewsCard.swift in Sources */,
				E5C3A5362C483F59005D3CEC /* TopList.swift in Sources */,
				E5C3A5292C45A40A005D3CEC /* BookMarkView.swift in Sources */,
				E5C3A5392C49982A005D3CEC /* SearchBar.swift in Sources */,
				E5C3A4EF2C43FFD3005D3CEC /* IOS_News_AppApp.swift in Sources */,
				E5C3A52F2C46F264005D3CEC /* helper.swift in Sources */,
			);
			runOnlyForDeploymentPostprocessing = 0;
		};
		E5C3A4F72C43FFD5005D3CEC /* Sources */ = {
			isa = PBXSourcesBuildPhase;
			buildActionMask = 2147483647;
			files = (
			);
			runOnlyForDeploymentPostprocessing = 0;
		};
		E5C3A5012C43FFD5005D3CEC /* Sources */ = {
			isa = PBXSourcesBuildPhase;
			buildActionMask = 2147483647;
			files = (
			);
			runOnlyForDeploymentPostprocessing = 0;
		};
/* End PBXSourcesBuildPhase section */

/* Begin PBXTargetDependency section */
		E5C3A4FD2C43FFD5005D3CEC /* PBXTargetDependency */ = {
			isa = PBXTargetDependency;
			target = E5C3A4EA2C43FFD3005D3CEC /* IOS-News-App */;
			targetProxy = E5C3A4FC2C43FFD5005D3CEC /* PBXContainerItemProxy */;
		};
		E5C3A5072C43FFD5005D3CEC /* PBXTargetDependency */ = {
			isa = PBXTargetDependency;
			target = E5C3A4EA2C43FFD3005D3CEC /* IOS-News-App */;
			targetProxy = E5C3A5062C43FFD5005D3CEC /* PBXContainerItemProxy */;
		};
/* End PBXTargetDependency section */

/* Begin XCBuildConfiguration section */
		E5C3A50D2C43FFD5005D3CEC /* Debug */ = {
			isa = XCBuildConfiguration;
			buildSettings = {
				ALWAYS_SEARCH_USER_PATHS = NO;
				ASSETCATALOG_COMPILER_GENERATE_SWIFT_ASSET_SYMBOL_EXTENSIONS = YES;
				CLANG_ANALYZER_NONNULL = YES;
				CLANG_ANALYZER_NUMBER_OBJECT_CONVERSION = YES_AGGRESSIVE;
				CLANG_CXX_LANGUAGE_STANDARD = "gnu++20";
				CLANG_ENABLE_MODULES = YES;
				CLANG_ENABLE_OBJC_ARC = YES;
				CLANG_ENABLE_OBJC_WEAK = YES;
				CLANG_WARN_BLOCK_CAPTURE_AUTORELEASING = YES;
				CLANG_WARN_BOOL_CONVERSION = YES;
				CLANG_WARN_COMMA = YES;
				CLANG_WARN_CONSTANT_CONVERSION = YES;
				CLANG_WARN_DEPRECATED_OBJC_IMPLEMENTATIONS = YES;
				CLANG_WARN_DIRECT_OBJC_ISA_USAGE = YES_ERROR;
				CLANG_WARN_DOCUMENTATION_COMMENTS = YES;
				CLANG_WARN_EMPTY_BODY = YES;
				CLANG_WARN_ENUM_CONVERSION = YES;
				CLANG_WARN_INFINITE_RECURSION = YES;
				CLANG_WARN_INT_CONVERSION = YES;
				CLANG_WARN_NON_LITERAL_NULL_CONVERSION = YES;
				CLANG_WARN_OBJC_IMPLICIT_RETAIN_SELF = YES;
				CLANG_WARN_OBJC_LITERAL_CONVERSION = YES;
				CLANG_WARN_OBJC_ROOT_CLASS = YES_ERROR;
				CLANG_WARN_QUOTED_INCLUDE_IN_FRAMEWORK_HEADER = YES;
				CLANG_WARN_RANGE_LOOP_ANALYSIS = YES;
				CLANG_WARN_STRICT_PROTOTYPES = YES;
				CLANG_WARN_SUSPICIOUS_MOVE = YES;
				CLANG_WARN_UNGUARDED_AVAILABILITY = YES_AGGRESSIVE;
				CLANG_WARN_UNREACHABLE_CODE = YES;
				CLANG_WARN__DUPLICATE_METHOD_MATCH = YES;
				COPY_PHASE_STRIP = NO;
				DEBUG_INFORMATION_FORMAT = dwarf;
				ENABLE_STRICT_OBJC_MSGSEND = YES;
				ENABLE_TESTABILITY = YES;
				ENABLE_USER_SCRIPT_SANDBOXING = YES;
				GCC_C_LANGUAGE_STANDARD = gnu17;
				GCC_DYNAMIC_NO_PIC = NO;
				GCC_NO_COMMON_BLOCKS = YES;
				GCC_OPTIMIZATION_LEVEL = 0;
				GCC_PREPROCESSOR_DEFINITIONS = (
					"DEBUG=1",
					"$(inherited)",
				);
				GCC_WARN_64_TO_32_BIT_CONVERSION = YES;
				GCC_WARN_ABOUT_RETURN_TYPE = YES_ERROR;
				GCC_WARN_UNDECLARED_SELECTOR = YES;
				GCC_WARN_UNINITIALIZED_AUTOS = YES_AGGRESSIVE;
				GCC_WARN_UNUSED_FUNCTION = YES;
				GCC_WARN_UNUSED_VARIABLE = YES;
				IPHONEOS_DEPLOYMENT_TARGET = 17.5;
				LOCALIZATION_PREFERS_STRING_CATALOGS = YES;
				MTL_ENABLE_DEBUG_INFO = INCLUDE_SOURCE;
				MTL_FAST_MATH = YES;
				ONLY_ACTIVE_ARCH = YES;
				SDKROOT = iphoneos;
				SWIFT_ACTIVE_COMPILATION_CONDITIONS = "DEBUG $(inherited)";
				SWIFT_OPTIMIZATION_LEVEL = "-Onone";
			};
			name = Debug;
		};
		E5C3A50E2C43FFD5005D3CEC /* Release */ = {
			isa = XCBuildConfiguration;
			buildSettings = {
				ALWAYS_SEARCH_USER_PATHS = NO;
				ASSETCATALOG_COMPILER_GENERATE_SWIFT_ASSET_SYMBOL_EXTENSIONS = YES;
				CLANG_ANALYZER_NONNULL = YES;
				CLANG_ANALYZER_NUMBER_OBJECT_CONVERSION = YES_AGGRESSIVE;
				CLANG_CXX_LANGUAGE_STANDARD = "gnu++20";
				CLANG_ENABLE_MODULES = YES;
				CLANG_ENABLE_OBJC_ARC = YES;
				CLANG_ENABLE_OBJC_WEAK = YES;
				CLANG_WARN_BLOCK_CAPTURE_AUTORELEASING = YES;
				CLANG_WARN_BOOL_CONVERSION = YES;
				CLANG_WARN_COMMA = YES;
				CLANG_WARN_CONSTANT_CONVERSION = YES;
				CLANG_WARN_DEPRECATED_OBJC_IMPLEMENTATIONS = YES;
				CLANG_WARN_DIRECT_OBJC_ISA_USAGE = YES_ERROR;
				CLANG_WARN_DOCUMENTATION_COMMENTS = YES;
				CLANG_WARN_EMPTY_BODY = YES;
				CLANG_WARN_ENUM_CONVERSION = YES;
				CLANG_WARN_INFINITE_RECURSION = YES;
				CLANG_WARN_INT_CONVERSION = YES;
				CLANG_WARN_NON_LITERAL_NULL_CONVERSION = YES;
				CLANG_WARN_OBJC_IMPLICIT_RETAIN_SELF = YES;
				CLANG_WARN_OBJC_LITERAL_CONVERSION = YES;
				CLANG_WARN_OBJC_ROOT_CLASS = YES_ERROR;
				CLANG_WARN_QUOTED_INCLUDE_IN_FRAMEWORK_HEADER = YES;
				CLANG_WARN_RANGE_LOOP_ANALYSIS = YES;
				CLANG_WARN_STRICT_PROTOTYPES = YES;
				CLANG_WARN_SUSPICIOUS_MOVE = YES;
				CLANG_WARN_UNGUARDED_AVAILABILITY = YES_AGGRESSIVE;
				CLANG_WARN_UNREACHABLE_CODE = YES;
				CLANG_WARN__DUPLICATE_METHOD_MATCH = YES;
				COPY_PHASE_STRIP = NO;
				DEBUG_INFORMATION_FORMAT = "dwarf-with-dsym";
				ENABLE_NS_ASSERTIONS = NO;
				ENABLE_STRICT_OBJC_MSGSEND = YES;
				ENABLE_USER_SCRIPT_SANDBOXING = YES;
				GCC_C_LANGUAGE_STANDARD = gnu17;
				GCC_NO_COMMON_BLOCKS = YES;
				GCC_WARN_64_TO_32_BIT_CONVERSION = YES;
				GCC_WARN_ABOUT_RETURN_TYPE = YES_ERROR;
				GCC_WARN_UNDECLARED_SELECTOR = YES;
				GCC_WARN_UNINITIALIZED_AUTOS = YES_AGGRESSIVE;
				GCC_WARN_UNUSED_FUNCTION = YES;
				GCC_WARN_UNUSED_VARIABLE = YES;
				IPHONEOS_DEPLOYMENT_TARGET = 17.5;
				LOCALIZATION_PREFERS_STRING_CATALOGS = YES;
				MTL_ENABLE_DEBUG_INFO = NO;
				MTL_FAST_MATH = YES;
				SDKROOT = iphoneos;
				SWIFT_COMPILATION_MODE = wholemodule;
				VALIDATE_PRODUCT = YES;
			};
			name = Release;
		};
		E5C3A5102C43FFD5005D3CEC /* Debug */ = {
			isa = XCBuildConfiguration;
			buildSettings = {
				ASSETCATALOG_COMPILER_APPICON_NAME = AppIcon;
				ASSETCATALOG_COMPILER_GLOBAL_ACCENT_COLOR_NAME = AccentColor;
				CODE_SIGN_STYLE = Automatic;
				CURRENT_PROJECT_VERSION = 1;
				DEVELOPMENT_ASSET_PATHS = "\"IOS-News-App/Preview Content\"";
				DEVELOPMENT_TEAM = 9S9GR29B58;
				ENABLE_PREVIEWS = YES;
				GENERATE_INFOPLIST_FILE = YES;
				INFOPLIST_KEY_UIApplicationSceneManifest_Generation = YES;
				INFOPLIST_KEY_UIApplicationSupportsIndirectInputEvents = YES;
				INFOPLIST_KEY_UILaunchScreen_Generation = YES;
				INFOPLIST_KEY_UISupportedInterfaceOrientations_iPad = "UIInterfaceOrientationPortrait UIInterfaceOrientationPortraitUpsideDown UIInterfaceOrientationLandscapeLeft UIInterfaceOrientationLandscapeRight";
				INFOPLIST_KEY_UISupportedInterfaceOrientations_iPhone = "UIInterfaceOrientationPortrait UIInterfaceOrientationLandscapeLeft UIInterfaceOrientationLandscapeRight";
				LD_RUNPATH_SEARCH_PATHS = (
					"$(inherited)",
					"@executable_path/Frameworks",
				);
				MARKETING_VERSION = 1.0;
				PRODUCT_BUNDLE_IDENTIFIER = "www.-NewsApp.com.IOS-News-App";
				PRODUCT_NAME = "$(TARGET_NAME)";
				SWIFT_EMIT_LOC_STRINGS = YES;
				SWIFT_VERSION = 5.0;
				TARGETED_DEVICE_FAMILY = "1,2";
			};
			name = Debug;
		};
		E5C3A5112C43FFD5005D3CEC /* Release */ = {
			isa = XCBuildConfiguration;
			buildSettings = {
				ASSETCATALOG_COMPILER_APPICON_NAME = AppIcon;
				ASSETCATALOG_COMPILER_GLOBAL_ACCENT_COLOR_NAME = AccentColor;
				CODE_SIGN_STYLE = Automatic;
				CURRENT_PROJECT_VERSION = 1;
				DEVELOPMENT_ASSET_PATHS = "\"IOS-News-App/Preview Content\"";
				DEVELOPMENT_TEAM = 9S9GR29B58;
				ENABLE_PREVIEWS = YES;
				GENERATE_INFOPLIST_FILE = YES;
				INFOPLIST_KEY_UIApplicationSceneManifest_Generation = YES;
				INFOPLIST_KEY_UIApplicationSupportsIndirectInputEvents = YES;
				INFOPLIST_KEY_UILaunchScreen_Generation = YES;
				INFOPLIST_KEY_UISupportedInterfaceOrientations_iPad = "UIInterfaceOrientationPortrait UIInterfaceOrientationPortraitUpsideDown UIInterfaceOrientationLandscapeLeft UIInterfaceOrientationLandscapeRight";
				INFOPLIST_KEY_UISupportedInterfaceOrientations_iPhone = "UIInterfaceOrientationPortrait UIInterfaceOrientationLandscapeLeft UIInterfaceOrientationLandscapeRight";
				LD_RUNPATH_SEARCH_PATHS = (
					"$(inherited)",
					"@executable_path/Frameworks",
				);
				MARKETING_VERSION = 1.0;
				PRODUCT_BUNDLE_IDENTIFIER = "www.-NewsApp.com.IOS-News-App";
				PRODUCT_NAME = "$(TARGET_NAME)";
				SWIFT_EMIT_LOC_STRINGS = YES;
				SWIFT_VERSION = 5.0;
				TARGETED_DEVICE_FAMILY = "1,2";
			};
			name = Release;
		};
		E5C3A5132C43FFD5005D3CEC /* Debug */ = {
			isa = XCBuildConfiguration;
			buildSettings = {
				ALWAYS_EMBED_SWIFT_STANDARD_LIBRARIES = YES;
				BUNDLE_LOADER = "$(TEST_HOST)";
				CODE_SIGN_STYLE = Automatic;
				CURRENT_PROJECT_VERSION = 1;
				DEVELOPMENT_TEAM = 9S9GR29B58;
				GENERATE_INFOPLIST_FILE = YES;
				IPHONEOS_DEPLOYMENT_TARGET = 17.5;
				MARKETING_VERSION = 1.0;
				PRODUCT_BUNDLE_IDENTIFIER = "www.-NewsApp.com.IOS-News-AppTests";
				PRODUCT_NAME = "$(TARGET_NAME)";
				SWIFT_EMIT_LOC_STRINGS = NO;
				SWIFT_VERSION = 5.0;
				TARGETED_DEVICE_FAMILY = "1,2";
				TEST_HOST = "$(BUILT_PRODUCTS_DIR)/IOS-News-App.app/$(BUNDLE_EXECUTABLE_FOLDER_PATH)/IOS-News-App";
			};
			name = Debug;
		};
		E5C3A5142C43FFD5005D3CEC /* Release */ = {
			isa = XCBuildConfiguration;
			buildSettings = {
				ALWAYS_EMBED_SWIFT_STANDARD_LIBRARIES = YES;
				BUNDLE_LOADER = "$(TEST_HOST)";
				CODE_SIGN_STYLE = Automatic;
				CURRENT_PROJECT_VERSION = 1;
				DEVELOPMENT_TEAM = 9S9GR29B58;
				GENERATE_INFOPLIST_FILE = YES;
				IPHONEOS_DEPLOYMENT_TARGET = 17.5;
				MARKETING_VERSION = 1.0;
				PRODUCT_BUNDLE_IDENTIFIER = "www.-NewsApp.com.IOS-News-AppTests";
				PRODUCT_NAME = "$(TARGET_NAME)";
				SWIFT_EMIT_LOC_STRINGS = NO;
				SWIFT_VERSION = 5.0;
				TARGETED_DEVICE_FAMILY = "1,2";
				TEST_HOST = "$(BUILT_PRODUCTS_DIR)/IOS-News-App.app/$(BUNDLE_EXECUTABLE_FOLDER_PATH)/IOS-News-App";
			};
			name = Release;
		};
		E5C3A5162C43FFD5005D3CEC /* Debug */ = {
			isa = XCBuildConfiguration;
			buildSettings = {
				ALWAYS_EMBED_SWIFT_STANDARD_LIBRARIES = YES;
				CODE_SIGN_STYLE = Automatic;
				CURRENT_PROJECT_VERSION = 1;
				DEVELOPMENT_TEAM = 9S9GR29B58;
				GENERATE_INFOPLIST_FILE = YES;
				MARKETING_VERSION = 1.0;
				PRODUCT_BUNDLE_IDENTIFIER = "www.-NewsApp.com.IOS-News-AppUITests";
				PRODUCT_NAME = "$(TARGET_NAME)";
				SWIFT_EMIT_LOC_STRINGS = NO;
				SWIFT_VERSION = 5.0;
				TARGETED_DEVICE_FAMILY = "1,2";
				TEST_TARGET_NAME = "IOS-News-App";
			};
			name = Debug;
		};
		E5C3A5172C43FFD5005D3CEC /* Release */ = {
			isa = XCBuildConfiguration;
			buildSettings = {
				ALWAYS_EMBED_SWIFT_STANDARD_LIBRARIES = YES;
				CODE_SIGN_STYLE = Automatic;
				CURRENT_PROJECT_VERSION = 1;
				DEVELOPMENT_TEAM = 9S9GR29B58;
				GENERATE_INFOPLIST_FILE = YES;
				MARKETING_VERSION = 1.0;
				PRODUCT_BUNDLE_IDENTIFIER = "www.-NewsApp.com.IOS-News-AppUITests";
				PRODUCT_NAME = "$(TARGET_NAME)";
				SWIFT_EMIT_LOC_STRINGS = NO;
				SWIFT_VERSION = 5.0;
				TARGETED_DEVICE_FAMILY = "1,2";
				TEST_TARGET_NAME = "IOS-News-App";
			};
			name = Release;
		};
/* End XCBuildConfiguration section */

/* Begin XCConfigurationList section */
		E5C3A4E62C43FFD3005D3CEC /* Build configuration list for PBXProject "IOS-News-App" */ = {
			isa = XCConfigurationList;
			buildConfigurations = (
				E5C3A50D2C43FFD5005D3CEC /* Debug */,
				E5C3A50E2C43FFD5005D3CEC /* Release */,
			);
			defaultConfigurationIsVisible = 0;
			defaultConfigurationName = Release;
		};
		E5C3A50F2C43FFD5005D3CEC /* Build configuration list for PBXNativeTarget "IOS-News-App" */ = {
			isa = XCConfigurationList;
			buildConfigurations = (
				E5C3A5102C43FFD5005D3CEC /* Debug */,
				E5C3A5112C43FFD5005D3CEC /* Release */,
			);
			defaultConfigurationIsVisible = 0;
			defaultConfigurationName = Release;
		};
		E5C3A5122C43FFD5005D3CEC /* Build configuration list for PBXNativeTarget "IOS-News-AppTests" */ = {
			isa = XCConfigurationList;
			buildConfigurations = (
				E5C3A5132C43FFD5005D3CEC /* Debug */,
				E5C3A5142C43FFD5005D3CEC /* Release */,
			);
			defaultConfigurationIsVisible = 0;
			defaultConfigurationName = Release;
		};
		E5C3A5152C43FFD5005D3CEC /* Build configuration list for PBXNativeTarget "IOS-News-AppUITests" */ = {
			isa = XCConfigurationList;
			buildConfigurations = (
				E5C3A5162C43FFD5005D3CEC /* Debug */,
				E5C3A5172C43FFD5005D3CEC /* Release */,
			);
			defaultConfigurationIsVisible = 0;
			defaultConfigurationName = Release;
		};
/* End XCConfigurationList section */
	};
	rootObject = E5C3A4E32C43FFD3005D3CEC /* Project object */;
}
